
Microsoft Visual Studio Solution File, Format Version 12.00
# Visual Studio Version 16
VisualStudioVersion = 16.0.31129.286
MinimumVisualStudioVersion = 10.0.40219.1
Project("{FAE04EC0-301F-11D3-BF4B-00C04F79EFBC}") = "DevConsole", "DevConsole\DevConsole.csproj", "{80B6CDD6-FB9B-4BC9-B1DD-567CD33B842A}"
EndProject
Global
	GlobalSection(SolutionConfigurationPlatforms) = preSolution
		Debug|Any CPU = Debug|Any CPU
		Release|Any CPU = Release|Any CPU
	EndGlobalSection
	GlobalSection(ProjectConfigurationPlatforms) = postSolution
		{80B6CDD6-FB9B-4BC9-B1DD-567CD33B842A}.Debug|Any CPU.ActiveCfg = Debug|Any CPU
		{80B6CDD6-FB9B-4BC9-B1DD-567CD33B842A}.Debug|Any CPU.Build.0 = Debug|Any CPU
		{80B6CDD6-FB9B-4BC9-B1DD-567CD33B842A}.Release|Any CPU.ActiveCfg = Release|Any CPU
		{80B6CDD6-FB9B-4BC9-B1DD-567CD33B842A}.Release|Any CPU.Build.0 = Release|Any CPU
	EndGlobalSection
	GlobalSection(SolutionProperties) = preSolution
		HideSolutionNode = FALSE
	EndGlobalSection
	GlobalSection(ExtensibilityGlobals) = postSolution
		SolutionGuid = {9AAB6357-57D1-4C26-A69B-8DEAB554DD21}
	EndGlobalSection
EndGlobal
